// !$*UTF8*$!
{
	archiveVersion = 1;
	classes = {
	};
	objectVersion = 50;
	objects = {

/* Begin PBXBuildFile section */
		0F02361B23B5923F00A67780 /* BeerListCoordinatorTests.swift in Sources */ = {isa = PBXBuildFile; fileRef = 0F02361A23B5923F00A67780 /* BeerListCoordinatorTests.swift */; };
		0F2A1C6D2209B2E900294DC9 /* DetailView.swift in Sources */ = {isa = PBXBuildFile; fileRef = 0F2A1C6C2209B2E900294DC9 /* DetailView.swift */; };
		0F2A1C6F2209B33100294DC9 /* BeerDetailViewModel.swift in Sources */ = {isa = PBXBuildFile; fileRef = 0F2A1C6E2209B33100294DC9 /* BeerDetailViewModel.swift */; };
		0F2A1C732209B35A00294DC9 /* BeerDetailViewController.swift in Sources */ = {isa = PBXBuildFile; fileRef = 0F2A1C722209B35A00294DC9 /* BeerDetailViewController.swift */; };
		0F2A1C7A2209B63200294DC9 /* EndPoint.swift in Sources */ = {isa = PBXBuildFile; fileRef = 0F2A1C792209B63200294DC9 /* EndPoint.swift */; };
		0F2A1C832209B64D00294DC9 /* EndpointType.swift in Sources */ = {isa = PBXBuildFile; fileRef = 0F2A1C7C2209B64B00294DC9 /* EndpointType.swift */; };
		0F2A1C842209B64D00294DC9 /* APIError.swift in Sources */ = {isa = PBXBuildFile; fileRef = 0F2A1C7D2209B64B00294DC9 /* APIError.swift */; };
		0F2A1C852209B64D00294DC9 /* HTTPHeader.swift in Sources */ = {isa = PBXBuildFile; fileRef = 0F2A1C7E2209B64B00294DC9 /* HTTPHeader.swift */; };
		0F2A1C862209B64D00294DC9 /* HTTPMethod.swift in Sources */ = {isa = PBXBuildFile; fileRef = 0F2A1C7F2209B64C00294DC9 /* HTTPMethod.swift */; };
		0F2A1C872209B64D00294DC9 /* MockLoader.swift in Sources */ = {isa = PBXBuildFile; fileRef = 0F2A1C802209B64C00294DC9 /* MockLoader.swift */; };
		0F2A1C882209B64D00294DC9 /* APIClient.swift in Sources */ = {isa = PBXBuildFile; fileRef = 0F2A1C812209B64C00294DC9 /* APIClient.swift */; };
		0F2A1C892209B64D00294DC9 /* Result.swift in Sources */ = {isa = PBXBuildFile; fileRef = 0F2A1C822209B64D00294DC9 /* Result.swift */; };
		0F2A1C8D2209B66200294DC9 /* BeerSession.swift in Sources */ = {isa = PBXBuildFile; fileRef = 0F2A1C8B2209B66200294DC9 /* BeerSession.swift */; };
		0F2A1C8E2209B66200294DC9 /* BeerSessionProtocol.swift in Sources */ = {isa = PBXBuildFile; fileRef = 0F2A1C8C2209B66200294DC9 /* BeerSessionProtocol.swift */; };
		0F2A1C922209B68500294DC9 /* DataProvider.swift in Sources */ = {isa = PBXBuildFile; fileRef = 0F2A1C902209B68400294DC9 /* DataProvider.swift */; };
		0F2A1C932209B68500294DC9 /* DataProtocol.swift in Sources */ = {isa = PBXBuildFile; fileRef = 0F2A1C912209B68500294DC9 /* DataProtocol.swift */; };
		0F2A1C952209B97600294DC9 /* Facade.swift in Sources */ = {isa = PBXBuildFile; fileRef = 0F2A1C942209B97600294DC9 /* Facade.swift */; };
		0F2A1C992209C92B00294DC9 /* BeerDetailViewModelTests.swift in Sources */ = {isa = PBXBuildFile; fileRef = 0F2A1C982209C92B00294DC9 /* BeerDetailViewModelTests.swift */; };
		0F2A1C9A2209C93A00294DC9 /* BeerListViewModelTests.swift in Sources */ = {isa = PBXBuildFile; fileRef = 0F2A1C962209C91900294DC9 /* BeerListViewModelTests.swift */; };
		0F2A1C9B2209C9EC00294DC9 /* BeerListViewModel.swift in Sources */ = {isa = PBXBuildFile; fileRef = 0FE9367322086BE500EC1F93 /* BeerListViewModel.swift */; };
		0F2A1C9C2209C9F600294DC9 /* BeerDetailViewModel.swift in Sources */ = {isa = PBXBuildFile; fileRef = 0F2A1C6E2209B33100294DC9 /* BeerDetailViewModel.swift */; };
		0F2A1C9D2209CA2A00294DC9 /* BeerResult.swift in Sources */ = {isa = PBXBuildFile; fileRef = 0FE9367B22086C1C00EC1F93 /* BeerResult.swift */; };
		0F2A1C9E2209CA3600294DC9 /* BeerListProtocols.swift in Sources */ = {isa = PBXBuildFile; fileRef = 0FE9367522086BE500EC1F93 /* BeerListProtocols.swift */; };
		0F2A1C9F2209CA4000294DC9 /* MockLoader.swift in Sources */ = {isa = PBXBuildFile; fileRef = 0F2A1C802209B64C00294DC9 /* MockLoader.swift */; };
		0F2A1CA02209CA4700294DC9 /* Facade.swift in Sources */ = {isa = PBXBuildFile; fileRef = 0F2A1C942209B97600294DC9 /* Facade.swift */; };
		0F2A1CA12209CA5000294DC9 /* DataProvider.swift in Sources */ = {isa = PBXBuildFile; fileRef = 0F2A1C902209B68400294DC9 /* DataProvider.swift */; };
		0F2A1CA22209CA5900294DC9 /* DataProtocol.swift in Sources */ = {isa = PBXBuildFile; fileRef = 0F2A1C912209B68500294DC9 /* DataProtocol.swift */; };
		0F2A1CA32209CA6000294DC9 /* BeerSessionProtocol.swift in Sources */ = {isa = PBXBuildFile; fileRef = 0F2A1C8C2209B66200294DC9 /* BeerSessionProtocol.swift */; };
		0F2A1CA42209CA6600294DC9 /* Result.swift in Sources */ = {isa = PBXBuildFile; fileRef = 0F2A1C822209B64D00294DC9 /* Result.swift */; };
		0F2A1CA52209CA7000294DC9 /* APIError.swift in Sources */ = {isa = PBXBuildFile; fileRef = 0F2A1C7D2209B64B00294DC9 /* APIError.swift */; };
		0F2A1CA62209CA7800294DC9 /* BeerSession.swift in Sources */ = {isa = PBXBuildFile; fileRef = 0F2A1C8B2209B66200294DC9 /* BeerSession.swift */; };
		0F2A1CA72209CA8000294DC9 /* APIClient.swift in Sources */ = {isa = PBXBuildFile; fileRef = 0F2A1C812209B64C00294DC9 /* APIClient.swift */; };
		0F2A1CA82209CA8900294DC9 /* EndPoint.swift in Sources */ = {isa = PBXBuildFile; fileRef = 0F2A1C792209B63200294DC9 /* EndPoint.swift */; };
		0F2A1CA92209CA9100294DC9 /* EndpointType.swift in Sources */ = {isa = PBXBuildFile; fileRef = 0F2A1C7C2209B64B00294DC9 /* EndpointType.swift */; };
		0F2A1CAA2209CA9A00294DC9 /* HTTPMethod.swift in Sources */ = {isa = PBXBuildFile; fileRef = 0F2A1C7F2209B64C00294DC9 /* HTTPMethod.swift */; };
		0F2A1CAD2209E08700294DC9 /* CoordinatorProtocol.swift in Sources */ = {isa = PBXBuildFile; fileRef = 0F2A1CAC2209E08700294DC9 /* CoordinatorProtocol.swift */; };
		0F2A1CAF2209E0B900294DC9 /* AppCoordinator.swift in Sources */ = {isa = PBXBuildFile; fileRef = 0F2A1CAE2209E0B900294DC9 /* AppCoordinator.swift */; };
		0F2A1CB22209E11800294DC9 /* BeerListCoordinator.swift in Sources */ = {isa = PBXBuildFile; fileRef = 0F2A1CB12209E11800294DC9 /* BeerListCoordinator.swift */; };
		0F80C16E23B5941F000D6CD0 /* BeerListViewController.swift in Sources */ = {isa = PBXBuildFile; fileRef = 0FE9367F2208712D00EC1F93 /* BeerListViewController.swift */; };
		0F80C16F23B5942E000D6CD0 /* BeerListCoordinator.swift in Sources */ = {isa = PBXBuildFile; fileRef = 0F2A1CB12209E11800294DC9 /* BeerListCoordinator.swift */; };
		0F80C17023B59497000D6CD0 /* Kingfisher.framework in Frameworks */ = {isa = PBXBuildFile; fileRef = 0F8E98F123AE99D80001487B /* Kingfisher.framework */; };
		0F80C17123B594B4000D6CD0 /* AppCoordinator.swift in Sources */ = {isa = PBXBuildFile; fileRef = 0F2A1CAE2209E0B900294DC9 /* AppCoordinator.swift */; };
		0F80C17223B594B6000D6CD0 /* CoordinatorProtocol.swift in Sources */ = {isa = PBXBuildFile; fileRef = 0F2A1CAC2209E08700294DC9 /* CoordinatorProtocol.swift */; };
		0F80C17323B594D0000D6CD0 /* DetailView.swift in Sources */ = {isa = PBXBuildFile; fileRef = 0F2A1C6C2209B2E900294DC9 /* DetailView.swift */; };
		0F80C17423B594D6000D6CD0 /* BeerDetailViewController.swift in Sources */ = {isa = PBXBuildFile; fileRef = 0F2A1C722209B35A00294DC9 /* BeerDetailViewController.swift */; };
		0F80C17523B59511000D6CD0 /* UIView+.swift in Sources */ = {isa = PBXBuildFile; fileRef = 0FE9367122086BA200EC1F93 /* UIView+.swift */; };
		0F80C17623B5951F000D6CD0 /* PinterestLayout.swift in Sources */ = {isa = PBXBuildFile; fileRef = 0FE936812208726A00EC1F93 /* PinterestLayout.swift */; };
		0F80C17723B59532000D6CD0 /* BeerListCell.swift in Sources */ = {isa = PBXBuildFile; fileRef = 0FE9366A2208674900EC1F93 /* BeerListCell.swift */; };
		0F8E98F223AE99D80001487B /* Kingfisher.framework in Frameworks */ = {isa = PBXBuildFile; fileRef = 0F8E98F123AE99D80001487B /* Kingfisher.framework */; };
		0F8E98F323AE99D80001487B /* Kingfisher.framework in Embed Frameworks */ = {isa = PBXBuildFile; fileRef = 0F8E98F123AE99D80001487B /* Kingfisher.framework */; settings = {ATTRIBUTES = (CodeSignOnCopy, RemoveHeadersOnCopy, ); }; };
		0FE93636220863DB00EC1F93 /* AppDelegate.swift in Sources */ = {isa = PBXBuildFile; fileRef = 0FE93635220863DB00EC1F93 /* AppDelegate.swift */; };
		0FE9363D220863DC00EC1F93 /* Assets.xcassets in Resources */ = {isa = PBXBuildFile; fileRef = 0FE9363C220863DC00EC1F93 /* Assets.xcassets */; };
		0FE93640220863DC00EC1F93 /* LaunchScreen.storyboard in Resources */ = {isa = PBXBuildFile; fileRef = 0FE9363E220863DC00EC1F93 /* LaunchScreen.storyboard */; };
		0FE93656220863DD00EC1F93 /* awesomeBeersUITests.swift in Sources */ = {isa = PBXBuildFile; fileRef = 0FE93655220863DD00EC1F93 /* awesomeBeersUITests.swift */; };
		0FE9366B2208674900EC1F93 /* BeerListCell.swift in Sources */ = {isa = PBXBuildFile; fileRef = 0FE9366A2208674900EC1F93 /* BeerListCell.swift */; };
		0FE9367222086BA200EC1F93 /* UIView+.swift in Sources */ = {isa = PBXBuildFile; fileRef = 0FE9367122086BA200EC1F93 /* UIView+.swift */; };
		0FE9367622086BE500EC1F93 /* BeerListViewModel.swift in Sources */ = {isa = PBXBuildFile; fileRef = 0FE9367322086BE500EC1F93 /* BeerListViewModel.swift */; };
		0FE9367822086BE500EC1F93 /* BeerListProtocols.swift in Sources */ = {isa = PBXBuildFile; fileRef = 0FE9367522086BE500EC1F93 /* BeerListProtocols.swift */; };
		0FE9367C22086C1C00EC1F93 /* BeerResult.swift in Sources */ = {isa = PBXBuildFile; fileRef = 0FE9367B22086C1C00EC1F93 /* BeerResult.swift */; };
		0FE9367E22086C6100EC1F93 /* beerList.json in Resources */ = {isa = PBXBuildFile; fileRef = 0FE9367D22086C6100EC1F93 /* beerList.json */; };
		0FE936802208712D00EC1F93 /* BeerListViewController.swift in Sources */ = {isa = PBXBuildFile; fileRef = 0FE9367F2208712D00EC1F93 /* BeerListViewController.swift */; };
		0FE936822208726A00EC1F93 /* PinterestLayout.swift in Sources */ = {isa = PBXBuildFile; fileRef = 0FE936812208726A00EC1F93 /* PinterestLayout.swift */; };
/* End PBXBuildFile section */

/* Begin PBXContainerItemProxy section */
		0FE93647220863DD00EC1F93 /* PBXContainerItemProxy */ = {
			isa = PBXContainerItemProxy;
			containerPortal = 0FE9362A220863DB00EC1F93 /* Project object */;
			proxyType = 1;
			remoteGlobalIDString = 0FE93631220863DB00EC1F93;
			remoteInfo = awesomeBeers;
		};
		0FE93652220863DD00EC1F93 /* PBXContainerItemProxy */ = {
			isa = PBXContainerItemProxy;
			containerPortal = 0FE9362A220863DB00EC1F93 /* Project object */;
			proxyType = 1;
			remoteGlobalIDString = 0FE93631220863DB00EC1F93;
			remoteInfo = awesomeBeers;
		};
/* End PBXContainerItemProxy section */

/* Begin PBXCopyFilesBuildPhase section */
		0F8E98F423AE99D80001487B /* Embed Frameworks */ = {
			isa = PBXCopyFilesBuildPhase;
			buildActionMask = 2147483647;
			dstPath = "";
			dstSubfolderSpec = 10;
			files = (
				0F8E98F323AE99D80001487B /* Kingfisher.framework in Embed Frameworks */,
			);
			name = "Embed Frameworks";
			runOnlyForDeploymentPostprocessing = 0;
		};
/* End PBXCopyFilesBuildPhase section */

/* Begin PBXFileReference section */
		0F02361A23B5923F00A67780 /* BeerListCoordinatorTests.swift */ = {isa = PBXFileReference; lastKnownFileType = sourcecode.swift; path = BeerListCoordinatorTests.swift; sourceTree = "<group>"; };
		0F2A1C6C2209B2E900294DC9 /* DetailView.swift */ = {isa = PBXFileReference; fileEncoding = 4; lastKnownFileType = sourcecode.swift; path = DetailView.swift; sourceTree = "<group>"; };
		0F2A1C6E2209B33100294DC9 /* BeerDetailViewModel.swift */ = {isa = PBXFileReference; fileEncoding = 4; lastKnownFileType = sourcecode.swift; path = BeerDetailViewModel.swift; sourceTree = "<group>"; };
		0F2A1C722209B35A00294DC9 /* BeerDetailViewController.swift */ = {isa = PBXFileReference; fileEncoding = 4; lastKnownFileType = sourcecode.swift; path = BeerDetailViewController.swift; sourceTree = "<group>"; };
		0F2A1C792209B63200294DC9 /* EndPoint.swift */ = {isa = PBXFileReference; fileEncoding = 4; lastKnownFileType = sourcecode.swift; path = EndPoint.swift; sourceTree = "<group>"; };
		0F2A1C7C2209B64B00294DC9 /* EndpointType.swift */ = {isa = PBXFileReference; fileEncoding = 4; lastKnownFileType = sourcecode.swift; path = EndpointType.swift; sourceTree = "<group>"; };
		0F2A1C7D2209B64B00294DC9 /* APIError.swift */ = {isa = PBXFileReference; fileEncoding = 4; lastKnownFileType = sourcecode.swift; path = APIError.swift; sourceTree = "<group>"; };
		0F2A1C7E2209B64B00294DC9 /* HTTPHeader.swift */ = {isa = PBXFileReference; fileEncoding = 4; lastKnownFileType = sourcecode.swift; path = HTTPHeader.swift; sourceTree = "<group>"; };
		0F2A1C7F2209B64C00294DC9 /* HTTPMethod.swift */ = {isa = PBXFileReference; fileEncoding = 4; lastKnownFileType = sourcecode.swift; path = HTTPMethod.swift; sourceTree = "<group>"; };
		0F2A1C802209B64C00294DC9 /* MockLoader.swift */ = {isa = PBXFileReference; fileEncoding = 4; lastKnownFileType = sourcecode.swift; path = MockLoader.swift; sourceTree = "<group>"; };
		0F2A1C812209B64C00294DC9 /* APIClient.swift */ = {isa = PBXFileReference; fileEncoding = 4; lastKnownFileType = sourcecode.swift; path = APIClient.swift; sourceTree = "<group>"; };
		0F2A1C822209B64D00294DC9 /* Result.swift */ = {isa = PBXFileReference; fileEncoding = 4; lastKnownFileType = sourcecode.swift; path = Result.swift; sourceTree = "<group>"; };
		0F2A1C8B2209B66200294DC9 /* BeerSession.swift */ = {isa = PBXFileReference; fileEncoding = 4; lastKnownFileType = sourcecode.swift; path = BeerSession.swift; sourceTree = "<group>"; };
		0F2A1C8C2209B66200294DC9 /* BeerSessionProtocol.swift */ = {isa = PBXFileReference; fileEncoding = 4; lastKnownFileType = sourcecode.swift; path = BeerSessionProtocol.swift; sourceTree = "<group>"; };
		0F2A1C902209B68400294DC9 /* DataProvider.swift */ = {isa = PBXFileReference; fileEncoding = 4; lastKnownFileType = sourcecode.swift; path = DataProvider.swift; sourceTree = "<group>"; };
		0F2A1C912209B68500294DC9 /* DataProtocol.swift */ = {isa = PBXFileReference; fileEncoding = 4; lastKnownFileType = sourcecode.swift; path = DataProtocol.swift; sourceTree = "<group>"; };
		0F2A1C942209B97600294DC9 /* Facade.swift */ = {isa = PBXFileReference; fileEncoding = 4; lastKnownFileType = sourcecode.swift; path = Facade.swift; sourceTree = "<group>"; };
		0F2A1C962209C91900294DC9 /* BeerListViewModelTests.swift */ = {isa = PBXFileReference; fileEncoding = 4; lastKnownFileType = sourcecode.swift; path = BeerListViewModelTests.swift; sourceTree = "<group>"; };
		0F2A1C982209C92B00294DC9 /* BeerDetailViewModelTests.swift */ = {isa = PBXFileReference; fileEncoding = 4; lastKnownFileType = sourcecode.swift; path = BeerDetailViewModelTests.swift; sourceTree = "<group>"; };
		0F2A1CAC2209E08700294DC9 /* CoordinatorProtocol.swift */ = {isa = PBXFileReference; lastKnownFileType = sourcecode.swift; path = CoordinatorProtocol.swift; sourceTree = "<group>"; };
		0F2A1CAE2209E0B900294DC9 /* AppCoordinator.swift */ = {isa = PBXFileReference; lastKnownFileType = sourcecode.swift; path = AppCoordinator.swift; sourceTree = "<group>"; };
		0F2A1CB12209E11800294DC9 /* BeerListCoordinator.swift */ = {isa = PBXFileReference; lastKnownFileType = sourcecode.swift; path = BeerListCoordinator.swift; sourceTree = "<group>"; };
		0F8E98F123AE99D80001487B /* Kingfisher.framework */ = {isa = PBXFileReference; lastKnownFileType = wrapper.framework; name = Kingfisher.framework; path = Carthage/Build/iOS/Kingfisher.framework; sourceTree = "<group>"; };
		0FE93632220863DB00EC1F93 /* awesomeBeers.app */ = {isa = PBXFileReference; explicitFileType = wrapper.application; includeInIndex = 0; path = awesomeBeers.app; sourceTree = BUILT_PRODUCTS_DIR; };
		0FE93635220863DB00EC1F93 /* AppDelegate.swift */ = {isa = PBXFileReference; lastKnownFileType = sourcecode.swift; path = AppDelegate.swift; sourceTree = "<group>"; };
		0FE9363C220863DC00EC1F93 /* Assets.xcassets */ = {isa = PBXFileReference; lastKnownFileType = folder.assetcatalog; path = Assets.xcassets; sourceTree = "<group>"; };
		0FE9363F220863DC00EC1F93 /* Base */ = {isa = PBXFileReference; lastKnownFileType = file.storyboard; name = Base; path = Base.lproj/LaunchScreen.storyboard; sourceTree = "<group>"; };
		0FE93641220863DC00EC1F93 /* Info.plist */ = {isa = PBXFileReference; lastKnownFileType = text.plist.xml; path = Info.plist; sourceTree = "<group>"; };
		0FE93646220863DD00EC1F93 /* awesomeBeersTests.xctest */ = {isa = PBXFileReference; explicitFileType = wrapper.cfbundle; includeInIndex = 0; path = awesomeBeersTests.xctest; sourceTree = BUILT_PRODUCTS_DIR; };
		0FE9364C220863DD00EC1F93 /* Info.plist */ = {isa = PBXFileReference; lastKnownFileType = text.plist.xml; path = Info.plist; sourceTree = "<group>"; };
		0FE93651220863DD00EC1F93 /* awesomeBeersUITests.xctest */ = {isa = PBXFileReference; explicitFileType = wrapper.cfbundle; includeInIndex = 0; path = awesomeBeersUITests.xctest; sourceTree = BUILT_PRODUCTS_DIR; };
		0FE93655220863DD00EC1F93 /* awesomeBeersUITests.swift */ = {isa = PBXFileReference; lastKnownFileType = sourcecode.swift; path = awesomeBeersUITests.swift; sourceTree = "<group>"; };
		0FE93657220863DD00EC1F93 /* Info.plist */ = {isa = PBXFileReference; lastKnownFileType = text.plist.xml; path = Info.plist; sourceTree = "<group>"; };
		0FE9366A2208674900EC1F93 /* BeerListCell.swift */ = {isa = PBXFileReference; lastKnownFileType = sourcecode.swift; path = BeerListCell.swift; sourceTree = "<group>"; };
		0FE9367122086BA200EC1F93 /* UIView+.swift */ = {isa = PBXFileReference; fileEncoding = 4; lastKnownFileType = sourcecode.swift; path = "UIView+.swift"; sourceTree = "<group>"; };
		0FE9367322086BE500EC1F93 /* BeerListViewModel.swift */ = {isa = PBXFileReference; fileEncoding = 4; lastKnownFileType = sourcecode.swift; path = BeerListViewModel.swift; sourceTree = "<group>"; };
		0FE9367522086BE500EC1F93 /* BeerListProtocols.swift */ = {isa = PBXFileReference; fileEncoding = 4; lastKnownFileType = sourcecode.swift; path = BeerListProtocols.swift; sourceTree = "<group>"; };
		0FE9367B22086C1C00EC1F93 /* BeerResult.swift */ = {isa = PBXFileReference; fileEncoding = 4; lastKnownFileType = sourcecode.swift; path = BeerResult.swift; sourceTree = "<group>"; };
		0FE9367D22086C6100EC1F93 /* beerList.json */ = {isa = PBXFileReference; fileEncoding = 4; lastKnownFileType = text.json; path = beerList.json; sourceTree = "<group>"; };
		0FE9367F2208712D00EC1F93 /* BeerListViewController.swift */ = {isa = PBXFileReference; fileEncoding = 4; lastKnownFileType = sourcecode.swift; path = BeerListViewController.swift; sourceTree = "<group>"; };
		0FE936812208726A00EC1F93 /* PinterestLayout.swift */ = {isa = PBXFileReference; fileEncoding = 4; lastKnownFileType = sourcecode.swift; path = PinterestLayout.swift; sourceTree = "<group>"; };
/* End PBXFileReference section */

/* Begin PBXFrameworksBuildPhase section */
		0FE9362F220863DB00EC1F93 /* Frameworks */ = {
			isa = PBXFrameworksBuildPhase;
			buildActionMask = 2147483647;
			files = (
				0F8E98F223AE99D80001487B /* Kingfisher.framework in Frameworks */,
			);
			runOnlyForDeploymentPostprocessing = 0;
		};
		0FE93643220863DD00EC1F93 /* Frameworks */ = {
			isa = PBXFrameworksBuildPhase;
			buildActionMask = 2147483647;
			files = (
				0F80C17023B59497000D6CD0 /* Kingfisher.framework in Frameworks */,
			);
			runOnlyForDeploymentPostprocessing = 0;
		};
		0FE9364E220863DD00EC1F93 /* Frameworks */ = {
			isa = PBXFrameworksBuildPhase;
			buildActionMask = 2147483647;
			files = (
			);
			runOnlyForDeploymentPostprocessing = 0;
		};
/* End PBXFrameworksBuildPhase section */

/* Begin PBXGroup section */
		0F2A1C682209B1C100294DC9 /* Beer Detail */ = {
			isa = PBXGroup;
			children = (
				0F2A1C692209B2BF00294DC9 /* View */,
				0F2A1C6A2209B2C500294DC9 /* ViewModel */,
				0F2A1C6B2209B2CA00294DC9 /* Controller */,
			);
			path = "Beer Detail";
			sourceTree = "<group>";
		};
		0F2A1C692209B2BF00294DC9 /* View */ = {
			isa = PBXGroup;
			children = (
				0F2A1C6C2209B2E900294DC9 /* DetailView.swift */,
			);
			path = View;
			sourceTree = "<group>";
		};
		0F2A1C6A2209B2C500294DC9 /* ViewModel */ = {
			isa = PBXGroup;
			children = (
				0F2A1C6E2209B33100294DC9 /* BeerDetailViewModel.swift */,
			);
			path = ViewModel;
			sourceTree = "<group>";
		};
		0F2A1C6B2209B2CA00294DC9 /* Controller */ = {
			isa = PBXGroup;
			children = (
				0F2A1C722209B35A00294DC9 /* BeerDetailViewController.swift */,
			);
			path = Controller;
			sourceTree = "<group>";
		};
		0F2A1C782209B62100294DC9 /* Networking */ = {
			isa = PBXGroup;
			children = (
				0F2A1C792209B63200294DC9 /* EndPoint.swift */,
				0F2A1C7B2209B63C00294DC9 /* Service */,
				0F2A1C8A2209B65500294DC9 /* Session */,
				0F2A1C8F2209B66B00294DC9 /* Provider */,
			);
			path = Networking;
			sourceTree = "<group>";
		};
		0F2A1C7B2209B63C00294DC9 /* Service */ = {
			isa = PBXGroup;
			children = (
				0F2A1C822209B64D00294DC9 /* Result.swift */,
				0F2A1C812209B64C00294DC9 /* APIClient.swift */,
				0F2A1C7C2209B64B00294DC9 /* EndpointType.swift */,
				0F2A1C7E2209B64B00294DC9 /* HTTPHeader.swift */,
				0F2A1C7F2209B64C00294DC9 /* HTTPMethod.swift */,
				0F2A1C7D2209B64B00294DC9 /* APIError.swift */,
				0F2A1C802209B64C00294DC9 /* MockLoader.swift */,
			);
			path = Service;
			sourceTree = "<group>";
		};
		0F2A1C8A2209B65500294DC9 /* Session */ = {
			isa = PBXGroup;
			children = (
				0F2A1C8B2209B66200294DC9 /* BeerSession.swift */,
				0F2A1C8C2209B66200294DC9 /* BeerSessionProtocol.swift */,
			);
			path = Session;
			sourceTree = "<group>";
		};
		0F2A1C8F2209B66B00294DC9 /* Provider */ = {
			isa = PBXGroup;
			children = (
				0F2A1C912209B68500294DC9 /* DataProtocol.swift */,
				0F2A1C902209B68400294DC9 /* DataProvider.swift */,
			);
			path = Provider;
			sourceTree = "<group>";
		};
		0F2A1CAB2209E06600294DC9 /* Coordinators */ = {
			isa = PBXGroup;
			children = (
				0F2A1CAC2209E08700294DC9 /* CoordinatorProtocol.swift */,
				0F2A1CAE2209E0B900294DC9 /* AppCoordinator.swift */,
				0F2A1CB12209E11800294DC9 /* BeerListCoordinator.swift */,
			);
			path = Coordinators;
			sourceTree = "<group>";
		};
		0FE93629220863DB00EC1F93 = {
			isa = PBXGroup;
			children = (
				0FE93634220863DB00EC1F93 /* awesomeBeers */,
				0FE93649220863DD00EC1F93 /* awesomeBeersTests */,
				0FE93654220863DD00EC1F93 /* awesomeBeersUITests */,
				0FE93633220863DB00EC1F93 /* Products */,
				0FE9366C22086A9100EC1F93 /* Frameworks */,
			);
			sourceTree = "<group>";
		};
		0FE93633220863DB00EC1F93 /* Products */ = {
			isa = PBXGroup;
			children = (
				0FE93632220863DB00EC1F93 /* awesomeBeers.app */,
				0FE93646220863DD00EC1F93 /* awesomeBeersTests.xctest */,
				0FE93651220863DD00EC1F93 /* awesomeBeersUITests.xctest */,
			);
			name = Products;
			sourceTree = "<group>";
		};
		0FE93634220863DB00EC1F93 /* awesomeBeers */ = {
			isa = PBXGroup;
			children = (
				0FE936642208664F00EC1F93 /* App */,
				0F2A1CAB2209E06600294DC9 /* Coordinators */,
				0FE9367922086C0600EC1F93 /* Data */,
				0FE9367022086B8E00EC1F93 /* Extension */,
				0FE93665220866B900EC1F93 /* Beer List */,
				0F2A1C682209B1C100294DC9 /* Beer Detail */,
				0FE936632208663B00EC1F93 /* Resources */,
			);
			path = awesomeBeers;
			sourceTree = "<group>";
		};
		0FE93649220863DD00EC1F93 /* awesomeBeersTests */ = {
			isa = PBXGroup;
			children = (
				0F2A1C962209C91900294DC9 /* BeerListViewModelTests.swift */,
				0F2A1C982209C92B00294DC9 /* BeerDetailViewModelTests.swift */,
				0F02361A23B5923F00A67780 /* BeerListCoordinatorTests.swift */,
				0FE9364C220863DD00EC1F93 /* Info.plist */,
			);
			path = awesomeBeersTests;
			sourceTree = "<group>";
		};
		0FE93654220863DD00EC1F93 /* awesomeBeersUITests */ = {
			isa = PBXGroup;
			children = (
				0FE93655220863DD00EC1F93 /* awesomeBeersUITests.swift */,
				0FE93657220863DD00EC1F93 /* Info.plist */,
			);
			path = awesomeBeersUITests;
			sourceTree = "<group>";
		};
		0FE936632208663B00EC1F93 /* Resources */ = {
			isa = PBXGroup;
			children = (
				0FE9367D22086C6100EC1F93 /* beerList.json */,
				0FE9363C220863DC00EC1F93 /* Assets.xcassets */,
				0FE9363E220863DC00EC1F93 /* LaunchScreen.storyboard */,
				0FE93641220863DC00EC1F93 /* Info.plist */,
			);
			path = Resources;
			sourceTree = "<group>";
		};
		0FE936642208664F00EC1F93 /* App */ = {
			isa = PBXGroup;
			children = (
				0FE93635220863DB00EC1F93 /* AppDelegate.swift */,
				0F2A1C942209B97600294DC9 /* Facade.swift */,
			);
			path = App;
			sourceTree = "<group>";
		};
		0FE93665220866B900EC1F93 /* Beer List */ = {
			isa = PBXGroup;
			children = (
				0FE936832208726F00EC1F93 /* Layout */,
				0FE93668220866DF00EC1F93 /* ViewModel */,
				0FE93667220866D500EC1F93 /* Controller */,
				0FE93666220866C800EC1F93 /* View */,
			);
			path = "Beer List";
			sourceTree = "<group>";
		};
		0FE93666220866C800EC1F93 /* View */ = {
			isa = PBXGroup;
			children = (
				0FE9366A2208674900EC1F93 /* BeerListCell.swift */,
			);
			path = View;
			sourceTree = "<group>";
		};
		0FE93667220866D500EC1F93 /* Controller */ = {
			isa = PBXGroup;
			children = (
				0FE9367F2208712D00EC1F93 /* BeerListViewController.swift */,
			);
			path = Controller;
			sourceTree = "<group>";
		};
		0FE93668220866DF00EC1F93 /* ViewModel */ = {
			isa = PBXGroup;
			children = (
				0FE9367322086BE500EC1F93 /* BeerListViewModel.swift */,
				0FE9367522086BE500EC1F93 /* BeerListProtocols.swift */,
			);
			path = ViewModel;
			sourceTree = "<group>";
		};
		0FE9366C22086A9100EC1F93 /* Frameworks */ = {
			isa = PBXGroup;
			children = (
				0F8E98F123AE99D80001487B /* Kingfisher.framework */,
			);
			name = Frameworks;
			sourceTree = "<group>";
		};
		0FE9367022086B8E00EC1F93 /* Extension */ = {
			isa = PBXGroup;
			children = (
				0FE9367122086BA200EC1F93 /* UIView+.swift */,
			);
			path = Extension;
			sourceTree = "<group>";
		};
		0FE9367922086C0600EC1F93 /* Data */ = {
			isa = PBXGroup;
			children = (
				0FE9367A22086C1100EC1F93 /* Model */,
				0F2A1C782209B62100294DC9 /* Networking */,
			);
			path = Data;
			sourceTree = "<group>";
		};
		0FE9367A22086C1100EC1F93 /* Model */ = {
			isa = PBXGroup;
			children = (
				0FE9367B22086C1C00EC1F93 /* BeerResult.swift */,
			);
			path = Model;
			sourceTree = "<group>";
		};
		0FE936832208726F00EC1F93 /* Layout */ = {
			isa = PBXGroup;
			children = (
				0FE936812208726A00EC1F93 /* PinterestLayout.swift */,
			);
			path = Layout;
			sourceTree = "<group>";
		};
/* End PBXGroup section */

/* Begin PBXNativeTarget section */
		0FE93631220863DB00EC1F93 /* awesomeBeers */ = {
			isa = PBXNativeTarget;
			buildConfigurationList = 0FE9365A220863DD00EC1F93 /* Build configuration list for PBXNativeTarget "awesomeBeers" */;
			buildPhases = (
				0FE9362E220863DB00EC1F93 /* Sources */,
				0FE9362F220863DB00EC1F93 /* Frameworks */,
				0FE93630220863DB00EC1F93 /* Resources */,
				0FE9366F22086AC000EC1F93 /* Run Script */,
				0F8E98F423AE99D80001487B /* Embed Frameworks */,
			);
			buildRules = (
			);
			dependencies = (
			);
			name = awesomeBeers;
			productName = awesomeBeers;
			productReference = 0FE93632220863DB00EC1F93 /* awesomeBeers.app */;
			productType = "com.apple.product-type.application";
		};
		0FE93645220863DD00EC1F93 /* awesomeBeersTests */ = {
			isa = PBXNativeTarget;
			buildConfigurationList = 0FE9365D220863DD00EC1F93 /* Build configuration list for PBXNativeTarget "awesomeBeersTests" */;
			buildPhases = (
				0FE93642220863DD00EC1F93 /* Sources */,
				0FE93643220863DD00EC1F93 /* Frameworks */,
				0FE93644220863DD00EC1F93 /* Resources */,
			);
			buildRules = (
			);
			dependencies = (
				0FE93648220863DD00EC1F93 /* PBXTargetDependency */,
			);
			name = awesomeBeersTests;
			productName = awesomeBeersTests;
			productReference = 0FE93646220863DD00EC1F93 /* awesomeBeersTests.xctest */;
			productType = "com.apple.product-type.bundle.unit-test";
		};
		0FE93650220863DD00EC1F93 /* awesomeBeersUITests */ = {
			isa = PBXNativeTarget;
			buildConfigurationList = 0FE93660220863DD00EC1F93 /* Build configuration list for PBXNativeTarget "awesomeBeersUITests" */;
			buildPhases = (
				0FE9364D220863DD00EC1F93 /* Sources */,
				0FE9364E220863DD00EC1F93 /* Frameworks */,
				0FE9364F220863DD00EC1F93 /* Resources */,
			);
			buildRules = (
			);
			dependencies = (
				0FE93653220863DD00EC1F93 /* PBXTargetDependency */,
			);
			name = awesomeBeersUITests;
			productName = awesomeBeersUITests;
			productReference = 0FE93651220863DD00EC1F93 /* awesomeBeersUITests.xctest */;
			productType = "com.apple.product-type.bundle.ui-testing";
		};
/* End PBXNativeTarget section */

/* Begin PBXProject section */
		0FE9362A220863DB00EC1F93 /* Project object */ = {
			isa = PBXProject;
			attributes = {
				LastSwiftUpdateCheck = 1010;
				LastUpgradeCheck = 1010;
				ORGANIZATIONNAME = "Luana Chen";
				TargetAttributes = {
					0FE93631220863DB00EC1F93 = {
						CreatedOnToolsVersion = 10.1;
					};
					0FE93645220863DD00EC1F93 = {
						CreatedOnToolsVersion = 10.1;
						LastSwiftMigration = 1120;
						TestTargetID = 0FE93631220863DB00EC1F93;
					};
					0FE93650220863DD00EC1F93 = {
						CreatedOnToolsVersion = 10.1;
						LastSwiftMigration = 1120;
						TestTargetID = 0FE93631220863DB00EC1F93;
					};
				};
			};
			buildConfigurationList = 0FE9362D220863DB00EC1F93 /* Build configuration list for PBXProject "awesomeBeers" */;
			compatibilityVersion = "Xcode 9.3";
			developmentRegion = en;
			hasScannedForEncodings = 0;
			knownRegions = (
				en,
				Base,
			);
			mainGroup = 0FE93629220863DB00EC1F93;
			productRefGroup = 0FE93633220863DB00EC1F93 /* Products */;
			projectDirPath = "";
			projectRoot = "";
			targets = (
				0FE93631220863DB00EC1F93 /* awesomeBeers */,
				0FE93645220863DD00EC1F93 /* awesomeBeersTests */,
				0FE93650220863DD00EC1F93 /* awesomeBeersUITests */,
			);
		};
/* End PBXProject section */

/* Begin PBXResourcesBuildPhase section */
		0FE93630220863DB00EC1F93 /* Resources */ = {
			isa = PBXResourcesBuildPhase;
			buildActionMask = 2147483647;
			files = (
				0FE93640220863DC00EC1F93 /* LaunchScreen.storyboard in Resources */,
				0FE9367E22086C6100EC1F93 /* beerList.json in Resources */,
				0FE9363D220863DC00EC1F93 /* Assets.xcassets in Resources */,
			);
			runOnlyForDeploymentPostprocessing = 0;
		};
		0FE93644220863DD00EC1F93 /* Resources */ = {
			isa = PBXResourcesBuildPhase;
			buildActionMask = 2147483647;
			files = (
			);
			runOnlyForDeploymentPostprocessing = 0;
		};
		0FE9364F220863DD00EC1F93 /* Resources */ = {
			isa = PBXResourcesBuildPhase;
			buildActionMask = 2147483647;
			files = (
			);
			runOnlyForDeploymentPostprocessing = 0;
		};
/* End PBXResourcesBuildPhase section */

/* Begin PBXShellScriptBuildPhase section */
		0FE9366F22086AC000EC1F93 /* Run Script */ = {
			isa = PBXShellScriptBuildPhase;
			buildActionMask = 2147483647;
			files = (
			);
			inputFileListPaths = (
			);
			inputPaths = (
				"$(SRCROOT)/Carthage/Build/iOS/Kingfisher.framework",
			);
			name = "Run Script";
			outputFileListPaths = (
			);
			outputPaths = (
				"$(BUILT_PRODUCTS_DIR)/$(FRAMEWORKS_FOLDER_PATH)/Kingfisher.framework\n",
			);
			runOnlyForDeploymentPostprocessing = 0;
			shellPath = /bin/sh;
			shellScript = "/usr/local/bin/carthage copy-frameworks\n\nif which swiftlint >/dev/null; then\nswiftlint\nelse\necho \"warning: SwiftLint not installed, download from https://github.com/realm/SwiftLint\"\nfi\n";
		};
/* End PBXShellScriptBuildPhase section */

/* Begin PBXSourcesBuildPhase section */
		0FE9362E220863DB00EC1F93 /* Sources */ = {
			isa = PBXSourcesBuildPhase;
			buildActionMask = 2147483647;
			files = (
				0FE936802208712D00EC1F93 /* BeerListViewController.swift in Sources */,
				0FE9367622086BE500EC1F93 /* BeerListViewModel.swift in Sources */,
				0F2A1CAF2209E0B900294DC9 /* AppCoordinator.swift in Sources */,
				0F2A1C882209B64D00294DC9 /* APIClient.swift in Sources */,
				0FE9367C22086C1C00EC1F93 /* BeerResult.swift in Sources */,
				0F2A1C6D2209B2E900294DC9 /* DetailView.swift in Sources */,
				0F2A1C832209B64D00294DC9 /* EndpointType.swift in Sources */,
				0F2A1CB22209E11800294DC9 /* BeerListCoordinator.swift in Sources */,
				0FE9367222086BA200EC1F93 /* UIView+.swift in Sources */,
				0FE93636220863DB00EC1F93 /* AppDelegate.swift in Sources */,
				0FE9367822086BE500EC1F93 /* BeerListProtocols.swift in Sources */,
				0FE936822208726A00EC1F93 /* PinterestLayout.swift in Sources */,
				0F2A1C952209B97600294DC9 /* Facade.swift in Sources */,
				0F2A1C852209B64D00294DC9 /* HTTPHeader.swift in Sources */,
				0F2A1C872209B64D00294DC9 /* MockLoader.swift in Sources */,
				0F2A1C6F2209B33100294DC9 /* BeerDetailViewModel.swift in Sources */,
				0FE9366B2208674900EC1F93 /* BeerListCell.swift in Sources */,
				0F2A1C932209B68500294DC9 /* DataProtocol.swift in Sources */,
				0F2A1C862209B64D00294DC9 /* HTTPMethod.swift in Sources */,
				0F2A1C842209B64D00294DC9 /* APIError.swift in Sources */,
				0F2A1C922209B68500294DC9 /* DataProvider.swift in Sources */,
				0F2A1C892209B64D00294DC9 /* Result.swift in Sources */,
				0F2A1C7A2209B63200294DC9 /* EndPoint.swift in Sources */,
				0F2A1C8D2209B66200294DC9 /* BeerSession.swift in Sources */,
				0F2A1CAD2209E08700294DC9 /* CoordinatorProtocol.swift in Sources */,
				0F2A1C8E2209B66200294DC9 /* BeerSessionProtocol.swift in Sources */,
				0F2A1C732209B35A00294DC9 /* BeerDetailViewController.swift in Sources */,
			);
			runOnlyForDeploymentPostprocessing = 0;
		};
		0FE93642220863DD00EC1F93 /* Sources */ = {
			isa = PBXSourcesBuildPhase;
			buildActionMask = 2147483647;
			files = (
				0F80C17123B594B4000D6CD0 /* AppCoordinator.swift in Sources */,
				0F80C17323B594D0000D6CD0 /* DetailView.swift in Sources */,
				0F2A1C9F2209CA4000294DC9 /* MockLoader.swift in Sources */,
				0F02361B23B5923F00A67780 /* BeerListCoordinatorTests.swift in Sources */,
				0F2A1CA22209CA5900294DC9 /* DataProtocol.swift in Sources */,
				0F2A1CA32209CA6000294DC9 /* BeerSessionProtocol.swift in Sources */,
				0F2A1C9A2209C93A00294DC9 /* BeerListViewModelTests.swift in Sources */,
				0F2A1C9C2209C9F600294DC9 /* BeerDetailViewModel.swift in Sources */,
				0F2A1CA02209CA4700294DC9 /* Facade.swift in Sources */,
				0F2A1CA42209CA6600294DC9 /* Result.swift in Sources */,
				0F80C17523B59511000D6CD0 /* UIView+.swift in Sources */,
				0F80C17723B59532000D6CD0 /* BeerListCell.swift in Sources */,
				0F2A1C9B2209C9EC00294DC9 /* BeerListViewModel.swift in Sources */,
				0F2A1CA72209CA8000294DC9 /* APIClient.swift in Sources */,
				0F2A1C9E2209CA3600294DC9 /* BeerListProtocols.swift in Sources */,
				0F2A1CA82209CA8900294DC9 /* EndPoint.swift in Sources */,
				0F80C17623B5951F000D6CD0 /* PinterestLayout.swift in Sources */,
				0F80C16E23B5941F000D6CD0 /* BeerListViewController.swift in Sources */,
				0F80C17423B594D6000D6CD0 /* BeerDetailViewController.swift in Sources */,
				0F2A1CA92209CA9100294DC9 /* EndpointType.swift in Sources */,
				0F2A1CA12209CA5000294DC9 /* DataProvider.swift in Sources */,
				0F2A1C992209C92B00294DC9 /* BeerDetailViewModelTests.swift in Sources */,
				0F80C17223B594B6000D6CD0 /* CoordinatorProtocol.swift in Sources */,
				0F80C16F23B5942E000D6CD0 /* BeerListCoordinator.swift in Sources */,
				0F2A1CAA2209CA9A00294DC9 /* HTTPMethod.swift in Sources */,
				0F2A1C9D2209CA2A00294DC9 /* BeerResult.swift in Sources */,
				0F2A1CA62209CA7800294DC9 /* BeerSession.swift in Sources */,
				0F2A1CA52209CA7000294DC9 /* APIError.swift in Sources */,
			);
			runOnlyForDeploymentPostprocessing = 0;
		};
		0FE9364D220863DD00EC1F93 /* Sources */ = {
			isa = PBXSourcesBuildPhase;
			buildActionMask = 2147483647;
			files = (
				0FE93656220863DD00EC1F93 /* awesomeBeersUITests.swift in Sources */,
			);
			runOnlyForDeploymentPostprocessing = 0;
		};
/* End PBXSourcesBuildPhase section */

/* Begin PBXTargetDependency section */
		0FE93648220863DD00EC1F93 /* PBXTargetDependency */ = {
			isa = PBXTargetDependency;
			target = 0FE93631220863DB00EC1F93 /* awesomeBeers */;
			targetProxy = 0FE93647220863DD00EC1F93 /* PBXContainerItemProxy */;
		};
		0FE93653220863DD00EC1F93 /* PBXTargetDependency */ = {
			isa = PBXTargetDependency;
			target = 0FE93631220863DB00EC1F93 /* awesomeBeers */;
			targetProxy = 0FE93652220863DD00EC1F93 /* PBXContainerItemProxy */;
		};
/* End PBXTargetDependency section */

/* Begin PBXVariantGroup section */
		0FE9363E220863DC00EC1F93 /* LaunchScreen.storyboard */ = {
			isa = PBXVariantGroup;
			children = (
				0FE9363F220863DC00EC1F93 /* Base */,
			);
			name = LaunchScreen.storyboard;
			sourceTree = "<group>";
		};
/* End PBXVariantGroup section */

/* Begin XCBuildConfiguration section */
		0FE93658220863DD00EC1F93 /* Debug */ = {
			isa = XCBuildConfiguration;
			buildSettings = {
				ALWAYS_SEARCH_USER_PATHS = NO;
				CLANG_ANALYZER_NONNULL = YES;
				CLANG_ANALYZER_NUMBER_OBJECT_CONVERSION = YES_AGGRESSIVE;
				CLANG_CXX_LANGUAGE_STANDARD = "gnu++14";
				CLANG_CXX_LIBRARY = "libc++";
				CLANG_ENABLE_MODULES = YES;
				CLANG_ENABLE_OBJC_ARC = YES;
				CLANG_ENABLE_OBJC_WEAK = YES;
				CLANG_WARN_BLOCK_CAPTURE_AUTORELEASING = YES;
				CLANG_WARN_BOOL_CONVERSION = YES;
				CLANG_WARN_COMMA = YES;
				CLANG_WARN_CONSTANT_CONVERSION = YES;
				CLANG_WARN_DEPRECATED_OBJC_IMPLEMENTATIONS = YES;
				CLANG_WARN_DIRECT_OBJC_ISA_USAGE = YES_ERROR;
				CLANG_WARN_DOCUMENTATION_COMMENTS = YES;
				CLANG_WARN_EMPTY_BODY = YES;
				CLANG_WARN_ENUM_CONVERSION = YES;
				CLANG_WARN_INFINITE_RECURSION = YES;
				CLANG_WARN_INT_CONVERSION = YES;
				CLANG_WARN_NON_LITERAL_NULL_CONVERSION = YES;
				CLANG_WARN_OBJC_IMPLICIT_RETAIN_SELF = YES;
				CLANG_WARN_OBJC_LITERAL_CONVERSION = YES;
				CLANG_WARN_OBJC_ROOT_CLASS = YES_ERROR;
				CLANG_WARN_RANGE_LOOP_ANALYSIS = YES;
				CLANG_WARN_STRICT_PROTOTYPES = YES;
				CLANG_WARN_SUSPICIOUS_MOVE = YES;
				CLANG_WARN_UNGUARDED_AVAILABILITY = YES_AGGRESSIVE;
				CLANG_WARN_UNREACHABLE_CODE = YES;
				CLANG_WARN__DUPLICATE_METHOD_MATCH = YES;
				CODE_SIGN_IDENTITY = "iPhone Developer";
				COPY_PHASE_STRIP = NO;
				DEBUG_INFORMATION_FORMAT = dwarf;
				ENABLE_STRICT_OBJC_MSGSEND = YES;
				ENABLE_TESTABILITY = YES;
				GCC_C_LANGUAGE_STANDARD = gnu11;
				GCC_DYNAMIC_NO_PIC = NO;
				GCC_NO_COMMON_BLOCKS = YES;
				GCC_OPTIMIZATION_LEVEL = 0;
				GCC_PREPROCESSOR_DEFINITIONS = (
					"DEBUG=1",
					"$(inherited)",
				);
				GCC_WARN_64_TO_32_BIT_CONVERSION = YES;
				GCC_WARN_ABOUT_RETURN_TYPE = YES_ERROR;
				GCC_WARN_UNDECLARED_SELECTOR = YES;
				GCC_WARN_UNINITIALIZED_AUTOS = YES_AGGRESSIVE;
				GCC_WARN_UNUSED_FUNCTION = YES;
				GCC_WARN_UNUSED_VARIABLE = YES;
				IPHONEOS_DEPLOYMENT_TARGET = 12.1;
				MTL_ENABLE_DEBUG_INFO = INCLUDE_SOURCE;
				MTL_FAST_MATH = YES;
				ONLY_ACTIVE_ARCH = YES;
				SDKROOT = iphoneos;
				SWIFT_ACTIVE_COMPILATION_CONDITIONS = DEBUG;
				SWIFT_OPTIMIZATION_LEVEL = "-Onone";
			};
			name = Debug;
		};
		0FE93659220863DD00EC1F93 /* Release */ = {
			isa = XCBuildConfiguration;
			buildSettings = {
				ALWAYS_SEARCH_USER_PATHS = NO;
				CLANG_ANALYZER_NONNULL = YES;
				CLANG_ANALYZER_NUMBER_OBJECT_CONVERSION = YES_AGGRESSIVE;
				CLANG_CXX_LANGUAGE_STANDARD = "gnu++14";
				CLANG_CXX_LIBRARY = "libc++";
				CLANG_ENABLE_MODULES = YES;
				CLANG_ENABLE_OBJC_ARC = YES;
				CLANG_ENABLE_OBJC_WEAK = YES;
				CLANG_WARN_BLOCK_CAPTURE_AUTORELEASING = YES;
				CLANG_WARN_BOOL_CONVERSION = YES;
				CLANG_WARN_COMMA = YES;
				CLANG_WARN_CONSTANT_CONVERSION = YES;
				CLANG_WARN_DEPRECATED_OBJC_IMPLEMENTATIONS = YES;
				CLANG_WARN_DIRECT_OBJC_ISA_USAGE = YES_ERROR;
				CLANG_WARN_DOCUMENTATION_COMMENTS = YES;
				CLANG_WARN_EMPTY_BODY = YES;
				CLANG_WARN_ENUM_CONVERSION = YES;
				CLANG_WARN_INFINITE_RECURSION = YES;
				CLANG_WARN_INT_CONVERSION = YES;
				CLANG_WARN_NON_LITERAL_NULL_CONVERSION = YES;
				CLANG_WARN_OBJC_IMPLICIT_RETAIN_SELF = YES;
				CLANG_WARN_OBJC_LITERAL_CONVERSION = YES;
				CLANG_WARN_OBJC_ROOT_CLASS = YES_ERROR;
				CLANG_WARN_RANGE_LOOP_ANALYSIS = YES;
				CLANG_WARN_STRICT_PROTOTYPES = YES;
				CLANG_WARN_SUSPICIOUS_MOVE = YES;
				CLANG_WARN_UNGUARDED_AVAILABILITY = YES_AGGRESSIVE;
				CLANG_WARN_UNREACHABLE_CODE = YES;
				CLANG_WARN__DUPLICATE_METHOD_MATCH = YES;
				CODE_SIGN_IDENTITY = "iPhone Developer";
				COPY_PHASE_STRIP = NO;
				DEBUG_INFORMATION_FORMAT = "dwarf-with-dsym";
				ENABLE_NS_ASSERTIONS = NO;
				ENABLE_STRICT_OBJC_MSGSEND = YES;
				GCC_C_LANGUAGE_STANDARD = gnu11;
				GCC_NO_COMMON_BLOCKS = YES;
				GCC_WARN_64_TO_32_BIT_CONVERSION = YES;
				GCC_WARN_ABOUT_RETURN_TYPE = YES_ERROR;
				GCC_WARN_UNDECLARED_SELECTOR = YES;
				GCC_WARN_UNINITIALIZED_AUTOS = YES_AGGRESSIVE;
				GCC_WARN_UNUSED_FUNCTION = YES;
				GCC_WARN_UNUSED_VARIABLE = YES;
				IPHONEOS_DEPLOYMENT_TARGET = 12.1;
				MTL_ENABLE_DEBUG_INFO = NO;
				MTL_FAST_MATH = YES;
				SDKROOT = iphoneos;
				SWIFT_COMPILATION_MODE = wholemodule;
				SWIFT_OPTIMIZATION_LEVEL = "-O";
				VALIDATE_PRODUCT = YES;
			};
			name = Release;
		};
		0FE9365B220863DD00EC1F93 /* Debug */ = {
			isa = XCBuildConfiguration;
			buildSettings = {
				ASSETCATALOG_COMPILER_APPICON_NAME = AppIcon;
				BUILD_LIBRARY_FOR_DISTRIBUTION = NO;
				CODE_SIGN_STYLE = Automatic;
				DEVELOPMENT_TEAM = 68SY486YZ7;
				FRAMEWORK_SEARCH_PATHS = (
					"$(inherited)",
					"$(PROJECT_DIR)/Carthage/Build/iOS",
				);
				INFOPLIST_FILE = "$(SRCROOT)/awesomeBeers/Resources/Info.plist";
				IPHONEOS_DEPLOYMENT_TARGET = 11.0;
				LD_RUNPATH_SEARCH_PATHS = (
					"$(inherited)",
					"@executable_path/Frameworks",
				);
				PRODUCT_BUNDLE_IDENTIFIER = lccj.awesomeBeers;
				PRODUCT_NAME = "$(TARGET_NAME)";
				SWIFT_VERSION = 5.0;
				TARGETED_DEVICE_FAMILY = "1,2";
			};
			name = Debug;
		};
		0FE9365C220863DD00EC1F93 /* Release */ = {
			isa = XCBuildConfiguration;
			buildSettings = {
				ASSETCATALOG_COMPILER_APPICON_NAME = AppIcon;
				BUILD_LIBRARY_FOR_DISTRIBUTION = NO;
				CODE_SIGN_STYLE = Automatic;
				DEVELOPMENT_TEAM = 68SY486YZ7;
				FRAMEWORK_SEARCH_PATHS = (
					"$(inherited)",
					"$(PROJECT_DIR)/Carthage/Build/iOS",
				);
				INFOPLIST_FILE = "$(SRCROOT)/awesomeBeers/Resources/Info.plist";
				IPHONEOS_DEPLOYMENT_TARGET = 11.0;
				LD_RUNPATH_SEARCH_PATHS = (
					"$(inherited)",
					"@executable_path/Frameworks",
				);
				PRODUCT_BUNDLE_IDENTIFIER = lccj.awesomeBeers;
				PRODUCT_NAME = "$(TARGET_NAME)";
				SWIFT_VERSION = 5.0;
				TARGETED_DEVICE_FAMILY = "1,2";
			};
			name = Release;
		};
		0FE9365E220863DD00EC1F93 /* Debug */ = {
			isa = XCBuildConfiguration;
			buildSettings = {
				ALWAYS_EMBED_SWIFT_STANDARD_LIBRARIES = YES;
				BUNDLE_LOADER = "$(TEST_HOST)";
				CODE_SIGN_STYLE = Automatic;
				FRAMEWORK_SEARCH_PATHS = (
					"$(inherited)",
					"$(PROJECT_DIR)/Carthage/Build/iOS",
				);
				INFOPLIST_FILE = awesomeBeersTests/Info.plist;
				LD_RUNPATH_SEARCH_PATHS = (
					"$(inherited)",
					"@executable_path/Frameworks",
					"@loader_path/Frameworks",
				);
				PRODUCT_BUNDLE_IDENTIFIER = lccj.awesomeBeersTests;
				PRODUCT_NAME = "$(TARGET_NAME)";
				SWIFT_VERSION = 5.0;
				TARGETED_DEVICE_FAMILY = "1,2";
				TEST_HOST = "$(BUILT_PRODUCTS_DIR)/awesomeBeers.app/awesomeBeers";
			};
			name = Debug;
		};
		0FE9365F220863DD00EC1F93 /* Release */ = {
			isa = XCBuildConfiguration;
			buildSettings = {
				ALWAYS_EMBED_SWIFT_STANDARD_LIBRARIES = YES;
				BUNDLE_LOADER = "$(TEST_HOST)";
				CODE_SIGN_STYLE = Automatic;
				FRAMEWORK_SEARCH_PATHS = (
					"$(inherited)",
					"$(PROJECT_DIR)/Carthage/Build/iOS",
				);
				INFOPLIST_FILE = awesomeBeersTests/Info.plist;
				LD_RUNPATH_SEARCH_PATHS = (
					"$(inherited)",
					"@executable_path/Frameworks",
					"@loader_path/Frameworks",
				);
				PRODUCT_BUNDLE_IDENTIFIER = lccj.awesomeBeersTests;
				PRODUCT_NAME = "$(TARGET_NAME)";
				SWIFT_VERSION = 5.0;
				TARGETED_DEVICE_FAMILY = "1,2";
				TEST_HOST = "$(BUILT_PRODUCTS_DIR)/awesomeBeers.app/awesomeBeers";
			};
			name = Release;
		};
		0FE93661220863DD00EC1F93 /* Debug */ = {
			isa = XCBuildConfiguration;
			buildSettings = {
				ALWAYS_EMBED_SWIFT_STANDARD_LIBRARIES = YES;
				CODE_SIGN_STYLE = Automatic;
				INFOPLIST_FILE = awesomeBeersUITests/Info.plist;
				LD_RUNPATH_SEARCH_PATHS = (
					"$(inherited)",
					"@executable_path/Frameworks",
					"@loader_path/Frameworks",
				);
				PRODUCT_BUNDLE_IDENTIFIER = lccj.awesomeBeersUITests;
				PRODUCT_NAME = "$(TARGET_NAME)";
				SWIFT_VERSION = 5.0;
				TARGETED_DEVICE_FAMILY = "1,2";
				TEST_TARGET_NAME = awesomeBeers;
			};
			name = Debug;
		};
		0FE93662220863DD00EC1F93 /* Release */ = {
			isa = XCBuildConfiguration;
			buildSettings = {
				ALWAYS_EMBED_SWIFT_STANDARD_LIBRARIES = YES;
				CODE_SIGN_STYLE = Automatic;
				INFOPLIST_FILE = awesomeBeersUITests/Info.plist;
				LD_RUNPATH_SEARCH_PATHS = (
					"$(inherited)",
					"@executable_path/Frameworks",
					"@loader_path/Frameworks",
				);
				PRODUCT_BUNDLE_IDENTIFIER = lccj.awesomeBeersUITests;
				PRODUCT_NAME = "$(TARGET_NAME)";
				SWIFT_VERSION = 5.0;
				TARGETED_DEVICE_FAMILY = "1,2";
				TEST_TARGET_NAME = awesomeBeers;
			};
			name = Release;
		};
/* End XCBuildConfiguration section */

/* Begin XCConfigurationList section */
		0FE9362D220863DB00EC1F93 /* Build configuration list for PBXProject "awesomeBeers" */ = {
			isa = XCConfigurationList;
			buildConfigurations = (
				0FE93658220863DD00EC1F93 /* Debug */,
				0FE93659220863DD00EC1F93 /* Release */,
			);
			defaultConfigurationIsVisible = 0;
			defaultConfigurationName = Release;
		};
		0FE9365A220863DD00EC1F93 /* Build configuration list for PBXNativeTarget "awesomeBeers" */ = {
			isa = XCConfigurationList;
			buildConfigurations = (
				0FE9365B220863DD00EC1F93 /* Debug */,
				0FE9365C220863DD00EC1F93 /* Release */,
			);
			defaultConfigurationIsVisible = 0;
			defaultConfigurationName = Release;
		};
		0FE9365D220863DD00EC1F93 /* Build configuration list for PBXNativeTarget "awesomeBeersTests" */ = {
			isa = XCConfigurationList;
			buildConfigurations = (
				0FE9365E220863DD00EC1F93 /* Debug */,
				0FE9365F220863DD00EC1F93 /* Release */,
			);
			defaultConfigurationIsVisible = 0;
			defaultConfigurationName = Release;
		};
		0FE93660220863DD00EC1F93 /* Build configuration list for PBXNativeTarget "awesomeBeersUITests" */ = {
			isa = XCConfigurationList;
			buildConfigurations = (
				0FE93661220863DD00EC1F93 /* Debug */,
				0FE93662220863DD00EC1F93 /* Release */,
			);
			defaultConfigurationIsVisible = 0;
			defaultConfigurationName = Release;
		};
/* End XCConfigurationList section */
	};
	rootObject = 0FE9362A220863DB00EC1F93 /* Project object */;
}
